// !$*UTF8*$!
{
	archiveVersion = 1;
	classes = {
	};
	objectVersion = 46;
	objects = {

/* Begin PBXBuildFile section */
		151B5A841AC9BA92002BD68C /* AppDelegate.swift in Sources */ = {isa = PBXBuildFile; fileRef = 151B5A831AC9BA92002BD68C /* AppDelegate.swift */; };
		151B5A8A1AC9BA92002BD68C /* GameViewController.swift in Sources */ = {isa = PBXBuildFile; fileRef = 151B5A891AC9BA92002BD68C /* GameViewController.swift */; };
		151B5A8D1AC9BA92002BD68C /* Main.storyboard in Resources */ = {isa = PBXBuildFile; fileRef = 151B5A8B1AC9BA92002BD68C /* Main.storyboard */; };
		151B5A8F1AC9BA92002BD68C /* Images.xcassets in Resources */ = {isa = PBXBuildFile; fileRef = 151B5A8E1AC9BA92002BD68C /* Images.xcassets */; };
		151B5A921AC9BA92002BD68C /* LaunchScreen.xib in Resources */ = {isa = PBXBuildFile; fileRef = 151B5A901AC9BA92002BD68C /* LaunchScreen.xib */; };
		151B5A9E1AC9BA92002BD68C /* TileGameTests.swift in Sources */ = {isa = PBXBuildFile; fileRef = 151B5A9D1AC9BA92002BD68C /* TileGameTests.swift */; };
		154E6CFD1AD00ED100929955 /* section_0_level_0.json in Resources */ = {isa = PBXBuildFile; fileRef = 154E6CFA1AD00ED100929955 /* section_0_level_0.json */; };
		154E6CFE1AD00ED100929955 /* section_0_level_1.json in Resources */ = {isa = PBXBuildFile; fileRef = 154E6CFB1AD00ED100929955 /* section_0_level_1.json */; };
		154E6CFF1AD00ED100929955 /* section_0_level_2.json in Resources */ = {isa = PBXBuildFile; fileRef = 154E6CFC1AD00ED100929955 /* section_0_level_2.json */; };
		154E6D041AD0167400929955 /* backgroundMusic.mp3 in Resources */ = {isa = PBXBuildFile; fileRef = 154E6D011AD0167400929955 /* backgroundMusic.mp3 */; };
		154E6D051AD0167400929955 /* buttonClick.mp3 in Resources */ = {isa = PBXBuildFile; fileRef = 154E6D021AD0167400929955 /* buttonClick.mp3 */; };
		154E6D061AD0167400929955 /* slide.mp3 in Resources */ = {isa = PBXBuildFile; fileRef = 154E6D031AD0167400929955 /* slide.mp3 */; };
		15A905901AC9C06C00B37BEB /* MenuViewController.swift in Sources */ = {isa = PBXBuildFile; fileRef = 15A9058F1AC9C06C00B37BEB /* MenuViewController.swift */; };
		15A905921AC9C10700B37BEB /* LobbyViewController.swift in Sources */ = {isa = PBXBuildFile; fileRef = 15A905911AC9C10700B37BEB /* LobbyViewController.swift */; };
		15A905981AC9C22E00B37BEB /* LobbyCell.swift in Sources */ = {isa = PBXBuildFile; fileRef = 15A905971AC9C22E00B37BEB /* LobbyCell.swift */; };
		15A9059A1AC9D05400B37BEB /* Tile.swift in Sources */ = {isa = PBXBuildFile; fileRef = 15A905991AC9D05400B37BEB /* Tile.swift */; };
		15C8367A1ACFC1F900784FEC /* Constants.swift in Sources */ = {isa = PBXBuildFile; fileRef = 15C836791ACFC1F900784FEC /* Constants.swift */; };
		15C8367C1ACFC20000784FEC /* Settings.swift in Sources */ = {isa = PBXBuildFile; fileRef = 15C8367B1ACFC20000784FEC /* Settings.swift */; };
		750268F31B6B7F6400946480 /* LevelInfo.swift in Sources */ = {isa = PBXBuildFile; fileRef = 750268F21B6B7F6400946480 /* LevelInfo.swift */; };
		750320B81B7117820035E58B /* GameScene.swift in Sources */ = {isa = PBXBuildFile; fileRef = 750320B71B7117820035E58B /* GameScene.swift */; };
		75801F521B6B77E9007A63E5 /* Enums.swift in Sources */ = {isa = PBXBuildFile; fileRef = 75801F511B6B77E9007A63E5 /* Enums.swift */; };
		75B52BF21B066ED200DCDB91 /* LobbyHeader.swift in Sources */ = {isa = PBXBuildFile; fileRef = 75B52BF11B066ED200DCDB91 /* LobbyHeader.swift */; };
		75B5E3AA1B288EA7000C5C95 /* LobbyLockedCell.swift in Sources */ = {isa = PBXBuildFile; fileRef = 75B5E3A81B288EA7000C5C95 /* LobbyLockedCell.swift */; };
		75B5E3AB1B288EA7000C5C95 /* LobbyLockedCell.xib in Resources */ = {isa = PBXBuildFile; fileRef = 75B5E3A91B288EA7000C5C95 /* LobbyLockedCell.xib */; };
		75B5E3AD1B288EDB000C5C95 /* LobbyCell.xib in Resources */ = {isa = PBXBuildFile; fileRef = 75B5E3AC1B288EDB000C5C95 /* LobbyCell.xib */; };
		75BC3D861B59149B00D99D73 /* Counter.swift in Sources */ = {isa = PBXBuildFile; fileRef = 75BC3D851B59149B00D99D73 /* Counter.swift */; };
		75CF0F811B0C7F5B00A13514 /* LobbyHeader.xib in Resources */ = {isa = PBXBuildFile; fileRef = 75CF0F801B0C7F5B00A13514 /* LobbyHeader.xib */; };
		75CF0F831B0CC1F900A13514 /* section_0_level_3.json in Resources */ = {isa = PBXBuildFile; fileRef = 75CF0F821B0CC1F900A13514 /* section_0_level_3.json */; };
		75CF0F851B0CC22800A13514 /* section_0_level_4.json in Resources */ = {isa = PBXBuildFile; fileRef = 75CF0F841B0CC22800A13514 /* section_0_level_4.json */; };
		75CF0F871B0CC23600A13514 /* section_0_level_5.json in Resources */ = {isa = PBXBuildFile; fileRef = 75CF0F861B0CC23600A13514 /* section_0_level_5.json */; };
		75CF0F8E1B0CC29800A13514 /* section_1_level_0.json in Resources */ = {isa = PBXBuildFile; fileRef = 75CF0F881B0CC29800A13514 /* section_1_level_0.json */; };
		75CF0F8F1B0CC29800A13514 /* section_1_level_1.json in Resources */ = {isa = PBXBuildFile; fileRef = 75CF0F891B0CC29800A13514 /* section_1_level_1.json */; };
		75CF0F901B0CC29800A13514 /* section_1_level_2.json in Resources */ = {isa = PBXBuildFile; fileRef = 75CF0F8A1B0CC29800A13514 /* section_1_level_2.json */; };
		75CF0F911B0CC29800A13514 /* section_1_level_3.json in Resources */ = {isa = PBXBuildFile; fileRef = 75CF0F8B1B0CC29800A13514 /* section_1_level_3.json */; };
		75CF0F921B0CC29800A13514 /* section_1_level_4.json in Resources */ = {isa = PBXBuildFile; fileRef = 75CF0F8C1B0CC29800A13514 /* section_1_level_4.json */; };
		75CF0F931B0CC29800A13514 /* section_1_level_5.json in Resources */ = {isa = PBXBuildFile; fileRef = 75CF0F8D1B0CC29800A13514 /* section_1_level_5.json */; };
		75D793431B25ECFD00DB19B4 /* LevelsInfo.swift in Sources */ = {isa = PBXBuildFile; fileRef = 75D793421B25ECFD00DB19B4 /* LevelsInfo.swift */; };
		75F09C001AE08064003C061B /* Helpers.swift in Sources */ = {isa = PBXBuildFile; fileRef = 75F09BFF1AE08064003C061B /* Helpers.swift */; };
		75F371941B2978BE007325A0 /* LobbyLayout.swift in Sources */ = {isa = PBXBuildFile; fileRef = 754E910F1B05519A0030C303 /* LobbyLayout.swift */; };
		75F3719A1B3AD3C1007325A0 /* Board.swift in Sources */ = {isa = PBXBuildFile; fileRef = 75F371991B3AD3C1007325A0 /* Board.swift */; };
		75FFAE2B1ADFCA42009C087F /* levelsinfo.json in Resources */ = {isa = PBXBuildFile; fileRef = 75FFAE2A1ADFCA42009C087F /* levelsinfo.json */; };
/* End PBXBuildFile section */

/* Begin PBXContainerItemProxy section */
		151B5A981AC9BA92002BD68C /* PBXContainerItemProxy */ = {
			isa = PBXContainerItemProxy;
			containerPortal = 151B5A761AC9BA92002BD68C /* Project object */;
			proxyType = 1;
			remoteGlobalIDString = 151B5A7D1AC9BA92002BD68C;
			remoteInfo = TileGame;
		};
/* End PBXContainerItemProxy section */

/* Begin PBXFileReference section */
		151B5A7E1AC9BA92002BD68C /* TileGame.app */ = {isa = PBXFileReference; explicitFileType = wrapper.application; includeInIndex = 0; path = TileGame.app; sourceTree = BUILT_PRODUCTS_DIR; };
		151B5A821AC9BA92002BD68C /* Info.plist */ = {isa = PBXFileReference; lastKnownFileType = text.plist.xml; path = Info.plist; sourceTree = "<group>"; };
		151B5A831AC9BA92002BD68C /* AppDelegate.swift */ = {isa = PBXFileReference; lastKnownFileType = sourcecode.swift; path = AppDelegate.swift; sourceTree = "<group>"; };
		151B5A891AC9BA92002BD68C /* GameViewController.swift */ = {isa = PBXFileReference; lastKnownFileType = sourcecode.swift; path = GameViewController.swift; sourceTree = "<group>"; };
		151B5A8C1AC9BA92002BD68C /* Base */ = {isa = PBXFileReference; lastKnownFileType = file.storyboard; name = Base; path = Base.lproj/Main.storyboard; sourceTree = "<group>"; };
		151B5A8E1AC9BA92002BD68C /* Images.xcassets */ = {isa = PBXFileReference; lastKnownFileType = folder.assetcatalog; path = Images.xcassets; sourceTree = "<group>"; };
		151B5A911AC9BA92002BD68C /* Base */ = {isa = PBXFileReference; lastKnownFileType = file.xib; name = Base; path = Base.lproj/LaunchScreen.xib; sourceTree = "<group>"; };
		151B5A971AC9BA92002BD68C /* TileGameTests.xctest */ = {isa = PBXFileReference; explicitFileType = wrapper.cfbundle; includeInIndex = 0; path = TileGameTests.xctest; sourceTree = BUILT_PRODUCTS_DIR; };
		151B5A9C1AC9BA92002BD68C /* Info.plist */ = {isa = PBXFileReference; lastKnownFileType = text.plist.xml; path = Info.plist; sourceTree = "<group>"; };
		151B5A9D1AC9BA92002BD68C /* TileGameTests.swift */ = {isa = PBXFileReference; lastKnownFileType = sourcecode.swift; path = TileGameTests.swift; sourceTree = "<group>"; };
		154E6CFA1AD00ED100929955 /* section_0_level_0.json */ = {isa = PBXFileReference; fileEncoding = 4; lastKnownFileType = text.json; path = section_0_level_0.json; sourceTree = "<group>"; };
		154E6CFB1AD00ED100929955 /* section_0_level_1.json */ = {isa = PBXFileReference; fileEncoding = 4; lastKnownFileType = text.json; path = section_0_level_1.json; sourceTree = "<group>"; };
		154E6CFC1AD00ED100929955 /* section_0_level_2.json */ = {isa = PBXFileReference; fileEncoding = 4; lastKnownFileType = text.json; path = section_0_level_2.json; sourceTree = "<group>"; };
		154E6D011AD0167400929955 /* backgroundMusic.mp3 */ = {isa = PBXFileReference; lastKnownFileType = audio.mp3; path = backgroundMusic.mp3; sourceTree = "<group>"; };
		154E6D021AD0167400929955 /* buttonClick.mp3 */ = {isa = PBXFileReference; lastKnownFileType = audio.mp3; path = buttonClick.mp3; sourceTree = "<group>"; };
		154E6D031AD0167400929955 /* slide.mp3 */ = {isa = PBXFileReference; lastKnownFileType = audio.mp3; path = slide.mp3; sourceTree = "<group>"; };
		15A9058F1AC9C06C00B37BEB /* MenuViewController.swift */ = {isa = PBXFileReference; fileEncoding = 4; lastKnownFileType = sourcecode.swift; path = MenuViewController.swift; sourceTree = "<group>"; };
		15A905911AC9C10700B37BEB /* LobbyViewController.swift */ = {isa = PBXFileReference; fileEncoding = 4; lastKnownFileType = sourcecode.swift; path = LobbyViewController.swift; sourceTree = "<group>"; };
		15A905971AC9C22E00B37BEB /* LobbyCell.swift */ = {isa = PBXFileReference; fileEncoding = 4; lastKnownFileType = sourcecode.swift; path = LobbyCell.swift; sourceTree = "<group>"; };
		15A905991AC9D05400B37BEB /* Tile.swift */ = {isa = PBXFileReference; fileEncoding = 4; lastKnownFileType = sourcecode.swift; path = Tile.swift; sourceTree = "<group>"; };
		15C836791ACFC1F900784FEC /* Constants.swift */ = {isa = PBXFileReference; fileEncoding = 4; lastKnownFileType = sourcecode.swift; path = Constants.swift; sourceTree = "<group>"; };
		15C8367B1ACFC20000784FEC /* Settings.swift */ = {isa = PBXFileReference; fileEncoding = 4; lastKnownFileType = sourcecode.swift; path = Settings.swift; sourceTree = "<group>"; };
		750268F21B6B7F6400946480 /* LevelInfo.swift */ = {isa = PBXFileReference; fileEncoding = 4; lastKnownFileType = sourcecode.swift; path = LevelInfo.swift; sourceTree = "<group>"; };
		750320B71B7117820035E58B /* GameScene.swift */ = {isa = PBXFileReference; fileEncoding = 4; lastKnownFileType = sourcecode.swift; path = GameScene.swift; sourceTree = "<group>"; };
		754E910F1B05519A0030C303 /* LobbyLayout.swift */ = {isa = PBXFileReference; fileEncoding = 4; lastKnownFileType = sourcecode.swift; path = LobbyLayout.swift; sourceTree = "<group>"; };
		75801F511B6B77E9007A63E5 /* Enums.swift */ = {isa = PBXFileReference; fileEncoding = 4; lastKnownFileType = sourcecode.swift; path = Enums.swift; sourceTree = "<group>"; };
		75B52BF11B066ED200DCDB91 /* LobbyHeader.swift */ = {isa = PBXFileReference; fileEncoding = 4; lastKnownFileType = sourcecode.swift; path = LobbyHeader.swift; sourceTree = "<group>"; };
		75B5E3A81B288EA7000C5C95 /* LobbyLockedCell.swift */ = {isa = PBXFileReference; fileEncoding = 4; lastKnownFileType = sourcecode.swift; path = LobbyLockedCell.swift; sourceTree = "<group>"; };
		75B5E3A91B288EA7000C5C95 /* LobbyLockedCell.xib */ = {isa = PBXFileReference; fileEncoding = 4; lastKnownFileType = file.xib; path = LobbyLockedCell.xib; sourceTree = "<group>"; };
		75B5E3AC1B288EDB000C5C95 /* LobbyCell.xib */ = {isa = PBXFileReference; fileEncoding = 4; lastKnownFileType = file.xib; path = LobbyCell.xib; sourceTree = "<group>"; };
		75BC3D851B59149B00D99D73 /* Counter.swift */ = {isa = PBXFileReference; fileEncoding = 4; lastKnownFileType = sourcecode.swift; path = Counter.swift; sourceTree = "<group>"; };
		75CF0F801B0C7F5B00A13514 /* LobbyHeader.xib */ = {isa = PBXFileReference; fileEncoding = 4; lastKnownFileType = file.xib; path = LobbyHeader.xib; sourceTree = "<group>"; };
		75CF0F821B0CC1F900A13514 /* section_0_level_3.json */ = {isa = PBXFileReference; fileEncoding = 4; lastKnownFileType = text.json; path = section_0_level_3.json; sourceTree = "<group>"; };
		75CF0F841B0CC22800A13514 /* section_0_level_4.json */ = {isa = PBXFileReference; fileEncoding = 4; lastKnownFileType = text.json; path = section_0_level_4.json; sourceTree = "<group>"; };
		75CF0F861B0CC23600A13514 /* section_0_level_5.json */ = {isa = PBXFileReference; fileEncoding = 4; lastKnownFileType = text.json; path = section_0_level_5.json; sourceTree = "<group>"; };
		75CF0F881B0CC29800A13514 /* section_1_level_0.json */ = {isa = PBXFileReference; fileEncoding = 4; lastKnownFileType = text.json; path = section_1_level_0.json; sourceTree = "<group>"; };
		75CF0F891B0CC29800A13514 /* section_1_level_1.json */ = {isa = PBXFileReference; fileEncoding = 4; lastKnownFileType = text.json; path = section_1_level_1.json; sourceTree = "<group>"; };
		75CF0F8A1B0CC29800A13514 /* section_1_level_2.json */ = {isa = PBXFileReference; fileEncoding = 4; lastKnownFileType = text.json; path = section_1_level_2.json; sourceTree = "<group>"; };
		75CF0F8B1B0CC29800A13514 /* section_1_level_3.json */ = {isa = PBXFileReference; fileEncoding = 4; lastKnownFileType = text.json; path = section_1_level_3.json; sourceTree = "<group>"; };
		75CF0F8C1B0CC29800A13514 /* section_1_level_4.json */ = {isa = PBXFileReference; fileEncoding = 4; lastKnownFileType = text.json; path = section_1_level_4.json; sourceTree = "<group>"; };
		75CF0F8D1B0CC29800A13514 /* section_1_level_5.json */ = {isa = PBXFileReference; fileEncoding = 4; lastKnownFileType = text.json; path = section_1_level_5.json; sourceTree = "<group>"; };
		75D793421B25ECFD00DB19B4 /* LevelsInfo.swift */ = {isa = PBXFileReference; fileEncoding = 4; lastKnownFileType = sourcecode.swift; path = LevelsInfo.swift; sourceTree = "<group>"; };
		75F09BFF1AE08064003C061B /* Helpers.swift */ = {isa = PBXFileReference; fileEncoding = 4; lastKnownFileType = sourcecode.swift; path = Helpers.swift; sourceTree = "<group>"; };
		75F371991B3AD3C1007325A0 /* Board.swift */ = {isa = PBXFileReference; fileEncoding = 4; lastKnownFileType = sourcecode.swift; path = Board.swift; sourceTree = "<group>"; };
		75FFAE2A1ADFCA42009C087F /* levelsinfo.json */ = {isa = PBXFileReference; fileEncoding = 4; lastKnownFileType = text.json; path = levelsinfo.json; sourceTree = "<group>"; };
/* End PBXFileReference section */

/* Begin PBXFrameworksBuildPhase section */
		151B5A7B1AC9BA92002BD68C /* Frameworks */ = {
			isa = PBXFrameworksBuildPhase;
			buildActionMask = 2147483647;
			files = (
			);
			runOnlyForDeploymentPostprocessing = 0;
		};
		151B5A941AC9BA92002BD68C /* Frameworks */ = {
			isa = PBXFrameworksBuildPhase;
			buildActionMask = 2147483647;
			files = (
			);
			runOnlyForDeploymentPostprocessing = 0;
		};
/* End PBXFrameworksBuildPhase section */

/* Begin PBXGroup section */
		151B5A751AC9BA92002BD68C = {
			isa = PBXGroup;
			children = (
				151B5A801AC9BA92002BD68C /* TileGame */,
				151B5A9A1AC9BA92002BD68C /* TileGameTests */,
				151B5A7F1AC9BA92002BD68C /* Products */,
			);
			sourceTree = "<group>";
		};
		151B5A7F1AC9BA92002BD68C /* Products */ = {
			isa = PBXGroup;
			children = (
				151B5A7E1AC9BA92002BD68C /* TileGame.app */,
				151B5A971AC9BA92002BD68C /* TileGameTests.xctest */,
			);
			name = Products;
			sourceTree = "<group>";
		};
		151B5A801AC9BA92002BD68C /* TileGame */ = {
			isa = PBXGroup;
			children = (
				154E6D0A1AD016C400929955 /* Helpers */,
				154E6D091AD016B100929955 /* Game */,
				154E6D081AD016A100929955 /* Lobby */,
				154E6D071AD0169300929955 /* Menu */,
				154E6D001AD0165800929955 /* SFX */,
				154E6CF91AD00EBB00929955 /* Levels */,
				154E6D0B1AD0171100929955 /* Main */,
				151B5A811AC9BA92002BD68C /* Supporting Files */,
			);
			path = TileGame;
			sourceTree = "<group>";
		};
		151B5A811AC9BA92002BD68C /* Supporting Files */ = {
			isa = PBXGroup;
			children = (
				151B5A821AC9BA92002BD68C /* Info.plist */,
			);
			name = "Supporting Files";
			sourceTree = "<group>";
		};
		151B5A9A1AC9BA92002BD68C /* TileGameTests */ = {
			isa = PBXGroup;
			children = (
				151B5A9D1AC9BA92002BD68C /* TileGameTests.swift */,
				151B5A9B1AC9BA92002BD68C /* Supporting Files */,
			);
			path = TileGameTests;
			sourceTree = "<group>";
		};
		151B5A9B1AC9BA92002BD68C /* Supporting Files */ = {
			isa = PBXGroup;
			children = (
				151B5A9C1AC9BA92002BD68C /* Info.plist */,
			);
			name = "Supporting Files";
			sourceTree = "<group>";
		};
		154E6CF91AD00EBB00929955 /* Levels */ = {
			isa = PBXGroup;
			children = (
				154E6CFA1AD00ED100929955 /* section_0_level_0.json */,
				154E6CFB1AD00ED100929955 /* section_0_level_1.json */,
				154E6CFC1AD00ED100929955 /* section_0_level_2.json */,
				75CF0F821B0CC1F900A13514 /* section_0_level_3.json */,
				75CF0F841B0CC22800A13514 /* section_0_level_4.json */,
				75CF0F861B0CC23600A13514 /* section_0_level_5.json */,
				75CF0F881B0CC29800A13514 /* section_1_level_0.json */,
				75CF0F891B0CC29800A13514 /* section_1_level_1.json */,
				75CF0F8A1B0CC29800A13514 /* section_1_level_2.json */,
				75CF0F8B1B0CC29800A13514 /* section_1_level_3.json */,
				75CF0F8C1B0CC29800A13514 /* section_1_level_4.json */,
				75CF0F8D1B0CC29800A13514 /* section_1_level_5.json */,
				75FFAE2A1ADFCA42009C087F /* levelsinfo.json */,
			);
			name = Levels;
			sourceTree = "<group>";
		};
		154E6D001AD0165800929955 /* SFX */ = {
			isa = PBXGroup;
			children = (
				154E6D011AD0167400929955 /* backgroundMusic.mp3 */,
				154E6D021AD0167400929955 /* buttonClick.mp3 */,
				154E6D031AD0167400929955 /* slide.mp3 */,
			);
			name = SFX;
			sourceTree = "<group>";
		};
		154E6D071AD0169300929955 /* Menu */ = {
			isa = PBXGroup;
			children = (
				15A9058F1AC9C06C00B37BEB /* MenuViewController.swift */,
			);
			name = Menu;
			sourceTree = "<group>";
		};
		154E6D081AD016A100929955 /* Lobby */ = {
			isa = PBXGroup;
			children = (
				15A905911AC9C10700B37BEB /* LobbyViewController.swift */,
				15A905971AC9C22E00B37BEB /* LobbyCell.swift */,
				75B5E3AC1B288EDB000C5C95 /* LobbyCell.xib */,
				754E910F1B05519A0030C303 /* LobbyLayout.swift */,
				75B52BF11B066ED200DCDB91 /* LobbyHeader.swift */,
				75CF0F801B0C7F5B00A13514 /* LobbyHeader.xib */,
				75B5E3A81B288EA7000C5C95 /* LobbyLockedCell.swift */,
				75B5E3A91B288EA7000C5C95 /* LobbyLockedCell.xib */,
			);
			name = Lobby;
			sourceTree = "<group>";
		};
		154E6D091AD016B100929955 /* Game */ = {
			isa = PBXGroup;
			children = (
				15A905991AC9D05400B37BEB /* Tile.swift */,
				151B5A891AC9BA92002BD68C /* GameViewController.swift */,
				75F371991B3AD3C1007325A0 /* Board.swift */,
				750320B71B7117820035E58B /* GameScene.swift */,
			);
			name = Game;
			sourceTree = "<group>";
		};
		154E6D0A1AD016C400929955 /* Helpers */ = {
			isa = PBXGroup;
			children = (
				75BC3D851B59149B00D99D73 /* Counter.swift */,
				15C8367B1ACFC20000784FEC /* Settings.swift */,
				15C836791ACFC1F900784FEC /* Constants.swift */,
				75F09BFF1AE08064003C061B /* Helpers.swift */,
				75D793421B25ECFD00DB19B4 /* LevelsInfo.swift */,
				75801F511B6B77E9007A63E5 /* Enums.swift */,
				750268F21B6B7F6400946480 /* LevelInfo.swift */,
			);
			name = Helpers;
			sourceTree = "<group>";
		};
		154E6D0B1AD0171100929955 /* Main */ = {
			isa = PBXGroup;
			children = (
				151B5A831AC9BA92002BD68C /* AppDelegate.swift */,
				151B5A8B1AC9BA92002BD68C /* Main.storyboard */,
				151B5A8E1AC9BA92002BD68C /* Images.xcassets */,
				151B5A901AC9BA92002BD68C /* LaunchScreen.xib */,
			);
			name = Main;
			sourceTree = "<group>";
		};
/* End PBXGroup section */

/* Begin PBXNativeTarget section */
		151B5A7D1AC9BA92002BD68C /* TileGame */ = {
			isa = PBXNativeTarget;
			buildConfigurationList = 151B5AA11AC9BA92002BD68C /* Build configuration list for PBXNativeTarget "TileGame" */;
			buildPhases = (
				151B5A7A1AC9BA92002BD68C /* Sources */,
				151B5A7B1AC9BA92002BD68C /* Frameworks */,
				151B5A7C1AC9BA92002BD68C /* Resources */,
			);
			buildRules = (
			);
			dependencies = (
			);
			name = TileGame;
			productName = TileGame;
			productReference = 151B5A7E1AC9BA92002BD68C /* TileGame.app */;
			productType = "com.apple.product-type.application";
		};
		151B5A961AC9BA92002BD68C /* TileGameTests */ = {
			isa = PBXNativeTarget;
			buildConfigurationList = 151B5AA41AC9BA92002BD68C /* Build configuration list for PBXNativeTarget "TileGameTests" */;
			buildPhases = (
				151B5A931AC9BA92002BD68C /* Sources */,
				151B5A941AC9BA92002BD68C /* Frameworks */,
				151B5A951AC9BA92002BD68C /* Resources */,
			);
			buildRules = (
			);
			dependencies = (
				151B5A991AC9BA92002BD68C /* PBXTargetDependency */,
			);
			name = TileGameTests;
			productName = TileGameTests;
			productReference = 151B5A971AC9BA92002BD68C /* TileGameTests.xctest */;
			productType = "com.apple.product-type.bundle.unit-test";
		};
/* End PBXNativeTarget section */

/* Begin PBXProject section */
		151B5A761AC9BA92002BD68C /* Project object */ = {
			isa = PBXProject;
			attributes = {
				LastSwiftUpdateCheck = 0700;
				LastUpgradeCheck = 0700;
				ORGANIZATIONNAME = "Tile Game";
				TargetAttributes = {
					151B5A7D1AC9BA92002BD68C = {
						CreatedOnToolsVersion = 6.2;
					};
					151B5A961AC9BA92002BD68C = {
						CreatedOnToolsVersion = 6.2;
						TestTargetID = 151B5A7D1AC9BA92002BD68C;
					};
				};
			};
			buildConfigurationList = 151B5A791AC9BA92002BD68C /* Build configuration list for PBXProject "TileGame" */;
			compatibilityVersion = "Xcode 3.2";
			developmentRegion = English;
			hasScannedForEncodings = 0;
			knownRegions = (
				en,
				Base,
			);
			mainGroup = 151B5A751AC9BA92002BD68C;
			productRefGroup = 151B5A7F1AC9BA92002BD68C /* Products */;
			projectDirPath = "";
			projectRoot = "";
			targets = (
				151B5A7D1AC9BA92002BD68C /* TileGame */,
				151B5A961AC9BA92002BD68C /* TileGameTests */,
			);
		};
/* End PBXProject section */

/* Begin PBXResourcesBuildPhase section */
		151B5A7C1AC9BA92002BD68C /* Resources */ = {
			isa = PBXResourcesBuildPhase;
			buildActionMask = 2147483647;
			files = (
				75B5E3AD1B288EDB000C5C95 /* LobbyCell.xib in Resources */,
				75CF0F871B0CC23600A13514 /* section_0_level_5.json in Resources */,
				75CF0F901B0CC29800A13514 /* section_1_level_2.json in Resources */,
				151B5A921AC9BA92002BD68C /* LaunchScreen.xib in Resources */,
				75CF0F851B0CC22800A13514 /* section_0_level_4.json in Resources */,
				154E6D061AD0167400929955 /* slide.mp3 in Resources */,
				75CF0F811B0C7F5B00A13514 /* LobbyHeader.xib in Resources */,
				154E6D041AD0167400929955 /* backgroundMusic.mp3 in Resources */,
				151B5A8F1AC9BA92002BD68C /* Images.xcassets in Resources */,
				154E6CFE1AD00ED100929955 /* section_0_level_1.json in Resources */,
				151B5A8D1AC9BA92002BD68C /* Main.storyboard in Resources */,
				75CF0F8E1B0CC29800A13514 /* section_1_level_0.json in Resources */,
				75CF0F8F1B0CC29800A13514 /* section_1_level_1.json in Resources */,
				154E6CFD1AD00ED100929955 /* section_0_level_0.json in Resources */,
				154E6CFF1AD00ED100929955 /* section_0_level_2.json in Resources */,
				75CF0F911B0CC29800A13514 /* section_1_level_3.json in Resources */,
				75B5E3AB1B288EA7000C5C95 /* LobbyLockedCell.xib in Resources */,
				75FFAE2B1ADFCA42009C087F /* levelsinfo.json in Resources */,
				75CF0F921B0CC29800A13514 /* section_1_level_4.json in Resources */,
				75CF0F831B0CC1F900A13514 /* section_0_level_3.json in Resources */,
				75CF0F931B0CC29800A13514 /* section_1_level_5.json in Resources */,
				154E6D051AD0167400929955 /* buttonClick.mp3 in Resources */,
			);
			runOnlyForDeploymentPostprocessing = 0;
		};
		151B5A951AC9BA92002BD68C /* Resources */ = {
			isa = PBXResourcesBuildPhase;
			buildActionMask = 2147483647;
			files = (
			);
			runOnlyForDeploymentPostprocessing = 0;
		};
/* End PBXResourcesBuildPhase section */

/* Begin PBXSourcesBuildPhase section */
		151B5A7A1AC9BA92002BD68C /* Sources */ = {
			isa = PBXSourcesBuildPhase;
			buildActionMask = 2147483647;
			files = (
				15A905921AC9C10700B37BEB /* LobbyViewController.swift in Sources */,
				75D793431B25ECFD00DB19B4 /* LevelsInfo.swift in Sources */,
				75B5E3AA1B288EA7000C5C95 /* LobbyLockedCell.swift in Sources */,
				151B5A8A1AC9BA92002BD68C /* GameViewController.swift in Sources */,
				15A9059A1AC9D05400B37BEB /* Tile.swift in Sources */,
				75F09C001AE08064003C061B /* Helpers.swift in Sources */,
				75F371941B2978BE007325A0 /* LobbyLayout.swift in Sources */,
				750268F31B6B7F6400946480 /* LevelInfo.swift in Sources */,
				15A905981AC9C22E00B37BEB /* LobbyCell.swift in Sources */,
				151B5A841AC9BA92002BD68C /* AppDelegate.swift in Sources */,
				75BC3D861B59149B00D99D73 /* Counter.swift in Sources */,
				15C8367C1ACFC20000784FEC /* Settings.swift in Sources */,
				750320B81B7117820035E58B /* GameScene.swift in Sources */,
				75B52BF21B066ED200DCDB91 /* LobbyHeader.swift in Sources */,
				15A905901AC9C06C00B37BEB /* MenuViewController.swift in Sources */,
				75F3719A1B3AD3C1007325A0 /* Board.swift in Sources */,
				15C8367A1ACFC1F900784FEC /* Constants.swift in Sources */,
				75801F521B6B77E9007A63E5 /* Enums.swift in Sources */,
			);
			runOnlyForDeploymentPostprocessing = 0;
		};
		151B5A931AC9BA92002BD68C /* Sources */ = {
			isa = PBXSourcesBuildPhase;
			buildActionMask = 2147483647;
			files = (
				151B5A9E1AC9BA92002BD68C /* TileGameTests.swift in Sources */,
			);
			runOnlyForDeploymentPostprocessing = 0;
		};
/* End PBXSourcesBuildPhase section */

/* Begin PBXTargetDependency section */
		151B5A991AC9BA92002BD68C /* PBXTargetDependency */ = {
			isa = PBXTargetDependency;
			target = 151B5A7D1AC9BA92002BD68C /* TileGame */;
			targetProxy = 151B5A981AC9BA92002BD68C /* PBXContainerItemProxy */;
		};
/* End PBXTargetDependency section */

/* Begin PBXVariantGroup section */
		151B5A8B1AC9BA92002BD68C /* Main.storyboard */ = {
			isa = PBXVariantGroup;
			children = (
				151B5A8C1AC9BA92002BD68C /* Base */,
			);
			name = Main.storyboard;
			sourceTree = "<group>";
		};
		151B5A901AC9BA92002BD68C /* LaunchScreen.xib */ = {
			isa = PBXVariantGroup;
			children = (
				151B5A911AC9BA92002BD68C /* Base */,
			);
			name = LaunchScreen.xib;
			sourceTree = "<group>";
		};
/* End PBXVariantGroup section */

/* Begin XCBuildConfiguration section */
		151B5A9F1AC9BA92002BD68C /* Debug */ = {
			isa = XCBuildConfiguration;
			buildSettings = {
				ALWAYS_SEARCH_USER_PATHS = NO;
				CLANG_CXX_LANGUAGE_STANDARD = "gnu++0x";
				CLANG_CXX_LIBRARY = "libc++";
				CLANG_ENABLE_MODULES = YES;
				CLANG_ENABLE_OBJC_ARC = YES;
				CLANG_WARN_BOOL_CONVERSION = YES;
				CLANG_WARN_CONSTANT_CONVERSION = YES;
				CLANG_WARN_DIRECT_OBJC_ISA_USAGE = YES_ERROR;
				CLANG_WARN_EMPTY_BODY = YES;
				CLANG_WARN_ENUM_CONVERSION = YES;
				CLANG_WARN_INT_CONVERSION = YES;
				CLANG_WARN_OBJC_ROOT_CLASS = YES_ERROR;
				CLANG_WARN_UNREACHABLE_CODE = YES;
				CLANG_WARN__DUPLICATE_METHOD_MATCH = YES;
				"CODE_SIGN_IDENTITY[sdk=iphoneos*]" = "iPhone Developer";
				COPY_PHASE_STRIP = NO;
				ENABLE_STRICT_OBJC_MSGSEND = YES;
				ENABLE_TESTABILITY = YES;
				GCC_C_LANGUAGE_STANDARD = gnu99;
				GCC_DYNAMIC_NO_PIC = NO;
				GCC_OPTIMIZATION_LEVEL = 0;
				GCC_PREPROCESSOR_DEFINITIONS = (
					"DEBUG=1",
					"$(inherited)",
				);
				GCC_SYMBOLS_PRIVATE_EXTERN = NO;
				GCC_WARN_64_TO_32_BIT_CONVERSION = YES;
				GCC_WARN_ABOUT_RETURN_TYPE = YES_ERROR;
				GCC_WARN_UNDECLARED_SELECTOR = YES;
				GCC_WARN_UNINITIALIZED_AUTOS = YES_AGGRESSIVE;
				GCC_WARN_UNUSED_FUNCTION = YES;
				GCC_WARN_UNUSED_VARIABLE = YES;
				IPHONEOS_DEPLOYMENT_TARGET = 7.1;
				MTL_ENABLE_DEBUG_INFO = YES;
				ONLY_ACTIVE_ARCH = YES;
				SDKROOT = iphoneos;
				SWIFT_OPTIMIZATION_LEVEL = "-Onone";
				TARGETED_DEVICE_FAMILY = "1,2";
			};
			name = Debug;
		};
		151B5AA01AC9BA92002BD68C /* Release */ = {
			isa = XCBuildConfiguration;
			buildSettings = {
				ALWAYS_SEARCH_USER_PATHS = NO;
				CLANG_CXX_LANGUAGE_STANDARD = "gnu++0x";
				CLANG_CXX_LIBRARY = "libc++";
				CLANG_ENABLE_MODULES = YES;
				CLANG_ENABLE_OBJC_ARC = YES;
				CLANG_WARN_BOOL_CONVERSION = YES;
				CLANG_WARN_CONSTANT_CONVERSION = YES;
				CLANG_WARN_DIRECT_OBJC_ISA_USAGE = YES_ERROR;
				CLANG_WARN_EMPTY_BODY = YES;
				CLANG_WARN_ENUM_CONVERSION = YES;
				CLANG_WARN_INT_CONVERSION = YES;
				CLANG_WARN_OBJC_ROOT_CLASS = YES_ERROR;
				CLANG_WARN_UNREACHABLE_CODE = YES;
				CLANG_WARN__DUPLICATE_METHOD_MATCH = YES;
				"CODE_SIGN_IDENTITY[sdk=iphoneos*]" = "iPhone Developer";
				COPY_PHASE_STRIP = NO;
				ENABLE_NS_ASSERTIONS = NO;
				ENABLE_STRICT_OBJC_MSGSEND = YES;
				GCC_C_LANGUAGE_STANDARD = gnu99;
				GCC_WARN_64_TO_32_BIT_CONVERSION = YES;
				GCC_WARN_ABOUT_RETURN_TYPE = YES_ERROR;
				GCC_WARN_UNDECLARED_SELECTOR = YES;
				GCC_WARN_UNINITIALIZED_AUTOS = YES_AGGRESSIVE;
				GCC_WARN_UNUSED_FUNCTION = YES;
				GCC_WARN_UNUSED_VARIABLE = YES;
				IPHONEOS_DEPLOYMENT_TARGET = 7.1;
				MTL_ENABLE_DEBUG_INFO = NO;
				SDKROOT = iphoneos;
				TARGETED_DEVICE_FAMILY = "1,2";
				VALIDATE_PRODUCT = YES;
			};
			name = Release;
		};
		151B5AA21AC9BA92002BD68C /* Debug */ = {
			isa = XCBuildConfiguration;
			buildSettings = {
				ASSETCATALOG_COMPILER_APPICON_NAME = AppIcon;
				ASSETCATALOG_COMPILER_LAUNCHIMAGE_NAME = LaunchImage;
				INFOPLIST_FILE = TileGame/Info.plist;
				IPHONEOS_DEPLOYMENT_TARGET = 7.1;
				LD_RUNPATH_SEARCH_PATHS = "$(inherited) @executable_path/Frameworks";
				PRODUCT_BUNDLE_IDENTIFIER = "com.tilegame.$(PRODUCT_NAME:rfc1034identifier)";
				PRODUCT_NAME = "$(TARGET_NAME)";
			};
			name = Debug;
		};
		151B5AA31AC9BA92002BD68C /* Release */ = {
			isa = XCBuildConfiguration;
			buildSettings = {
				ASSETCATALOG_COMPILER_APPICON_NAME = AppIcon;
				ASSETCATALOG_COMPILER_LAUNCHIMAGE_NAME = LaunchImage;
				INFOPLIST_FILE = TileGame/Info.plist;
				IPHONEOS_DEPLOYMENT_TARGET = 7.1;
				LD_RUNPATH_SEARCH_PATHS = "$(inherited) @executable_path/Frameworks";
				PRODUCT_BUNDLE_IDENTIFIER = "com.tilegame.$(PRODUCT_NAME:rfc1034identifier)";
				PRODUCT_NAME = "$(TARGET_NAME)";
			};
			name = Release;
		};
		151B5AA51AC9BA92002BD68C /* Debug */ = {
			isa = XCBuildConfiguration;
			buildSettings = {
				BUNDLE_LOADER = "$(TEST_HOST)";
				FRAMEWORK_SEARCH_PATHS = (
					"$(SDKROOT)/Developer/Library/Frameworks",
					"$(inherited)",
				);
				GCC_PREPROCESSOR_DEFINITIONS = (
					"DEBUG=1",
					"$(inherited)",
				);
				INFOPLIST_FILE = TileGameTests/Info.plist;
				LD_RUNPATH_SEARCH_PATHS = "$(inherited) @executable_path/Frameworks @loader_path/Frameworks";
				PRODUCT_BUNDLE_IDENTIFIER = "com.tilegame.$(PRODUCT_NAME:rfc1034identifier)";
				PRODUCT_NAME = "$(TARGET_NAME)";
				TEST_HOST = "$(BUILT_PRODUCTS_DIR)/TileGame.app/TileGame";
			};
			name = Debug;
		};
		151B5AA61AC9BA92002BD68C /* Release */ = {
			isa = XCBuildConfiguration;
			buildSettings = {
				BUNDLE_LOADER = "$(TEST_HOST)";
				FRAMEWORK_SEARCH_PATHS = (
					"$(SDKROOT)/Developer/Library/Frameworks",
					"$(inherited)",
				);
				INFOPLIST_FILE = TileGameTests/Info.plist;
				LD_RUNPATH_SEARCH_PATHS = "$(inherited) @executable_path/Frameworks @loader_path/Frameworks";
				PRODUCT_BUNDLE_IDENTIFIER = "com.tilegame.$(PRODUCT_NAME:rfc1034identifier)";
				PRODUCT_NAME = "$(TARGET_NAME)";
				TEST_HOST = "$(BUILT_PRODUCTS_DIR)/TileGame.app/TileGame";
			};
			name = Release;
		};
/* End XCBuildConfiguration section */

/* Begin XCConfigurationList section */
		151B5A791AC9BA92002BD68C /* Build configuration list for PBXProject "TileGame" */ = {
			isa = XCConfigurationList;
			buildConfigurations = (
				151B5A9F1AC9BA92002BD68C /* Debug */,
				151B5AA01AC9BA92002BD68C /* Release */,
			);
			defaultConfigurationIsVisible = 0;
			defaultConfigurationName = Release;
		};
		151B5AA11AC9BA92002BD68C /* Build configuration list for PBXNativeTarget "TileGame" */ = {
			isa = XCConfigurationList;
			buildConfigurations = (
				151B5AA21AC9BA92002BD68C /* Debug */,
				151B5AA31AC9BA92002BD68C /* Release */,
			);
			defaultConfigurationIsVisible = 0;
			defaultConfigurationName = Release;
		};
		151B5AA41AC9BA92002BD68C /* Build configuration list for PBXNativeTarget "TileGameTests" */ = {
			isa = XCConfigurationList;
			buildConfigurations = (
				151B5AA51AC9BA92002BD68C /* Debug */,
				151B5AA61AC9BA92002BD68C /* Release */,
			);
			defaultConfigurationIsVisible = 0;
			defaultConfigurationName = Release;
		};
/* End XCConfigurationList section */
	};
	rootObject = 151B5A761AC9BA92002BD68C /* Project object */;
}
